
Microsoft Visual Studio Solution File, Format Version 12.00
# Visual Studio Version 17
VisualStudioVersion = 17.7.34024.191
MinimumVisualStudioVersion = 10.0.40219.1
Project("{FAE04EC0-301F-11D3-BF4B-00C04F79EFBC}") = "AgoraEmbuGuacuAPI", "AgoraEmbuGuacuAPI\AgoraEmbuGuacuAPI.csproj", "{BA728EEB-5108-435E-A4E5-2236931EE562}"
EndProject
Global
	GlobalSection(SolutionConfigurationPlatforms) = preSolution
		Debug|Any CPU = Debug|Any CPU
		Release|Any CPU = Release|Any CPU
	EndGlobalSection
	GlobalSection(ProjectConfigurationPlatforms) = postSolution
		{BA728EEB-5108-435E-A4E5-2236931EE562}.Debug|Any CPU.ActiveCfg = Debug|Any CPU
		{BA728EEB-5108-435E-A4E5-2236931EE562}.Debug|Any CPU.Build.0 = Debug|Any CPU
		{BA728EEB-5108-435E-A4E5-2236931EE562}.Release|Any CPU.ActiveCfg = Release|Any CPU
		{BA728EEB-5108-435E-A4E5-2236931EE562}.Release|Any CPU.Build.0 = Release|Any CPU
	EndGlobalSection
	GlobalSection(SolutionProperties) = preSolution
		HideSolutionNode = FALSE
	EndGlobalSection
	GlobalSection(ExtensibilityGlobals) = postSolution
		SolutionGuid = {BE59321B-84F1-4A04-831A-8BA2E8AA47A1}
	EndGlobalSection
EndGlobal
